
Microsoft Visual Studio Solution File, Format Version 12.00
# Visual Studio 15
VisualStudioVersion = 15.0.28307.421
MinimumVisualStudioVersion = 10.0.40219.1
Project("{FAE04EC0-301F-11D3-BF4B-00C04F79EFBC}") = "projectsGSL", "projectsGSL\projectsGSL.csproj", "{B2161D86-185C-475F-BF25-9D6971A623F5}"
EndProject
Project("{FAE04EC0-301F-11D3-BF4B-00C04F79EFBC}") = "projectGSL.DA", "projectGSL.DA\projectGSL.DA.csproj", "{1D148923-227F-475A-97F3-5CFAEC516CB2}"
EndProject
Global
	GlobalSection(SolutionConfigurationPlatforms) = preSolution
		Debug|Any CPU = Debug|Any CPU
		Release|Any CPU = Release|Any CPU
	EndGlobalSection
	GlobalSection(ProjectConfigurationPlatforms) = postSolution
		{B2161D86-185C-475F-BF25-9D6971A623F5}.Debug|Any CPU.ActiveCfg = Debug|Any CPU
		{B2161D86-185C-475F-BF25-9D6971A623F5}.Debug|Any CPU.Build.0 = Debug|Any CPU
		{B2161D86-185C-475F-BF25-9D6971A623F5}.Release|Any CPU.ActiveCfg = Release|Any CPU
		{B2161D86-185C-475F-BF25-9D6971A623F5}.Release|Any CPU.Build.0 = Release|Any CPU
		{1D148923-227F-475A-97F3-5CFAEC516CB2}.Debug|Any CPU.ActiveCfg = Debug|Any CPU
		{1D148923-227F-475A-97F3-5CFAEC516CB2}.Debug|Any CPU.Build.0 = Debug|Any CPU
		{1D148923-227F-475A-97F3-5CFAEC516CB2}.Release|Any CPU.ActiveCfg = Release|Any CPU
		{1D148923-227F-475A-97F3-5CFAEC516CB2}.Release|Any CPU.Build.0 = Release|Any CPU
	EndGlobalSection
	GlobalSection(SolutionProperties) = preSolution
		HideSolutionNode = FALSE
	EndGlobalSection
	GlobalSection(ExtensibilityGlobals) = postSolution
		SolutionGuid = {B31F39EB-498A-4D4C-9F1F-93D733B398AA}
	EndGlobalSection
EndGlobal
